lockfileVersion: 5.3

specifiers:
  prismjs: ^1.25.0
  react-simple-code-editor: ^0.11.0

dependencies:
  prismjs: 1.25.0
  react-simple-code-editor: 0.11.0

packages:

  /prismjs/1.25.0:
    resolution: {integrity: sha512-WCjJHl1KEWbnkQom1+SzftbtXMKQoezOCYs5rECqMN+jP+apI7ftoflyqigqzopSO3hMhTEb0mFClA8lkolgEg==}
    dev: false

  /react-simple-code-editor/0.11.0:
    resolution: {integrity: sha512-xGfX7wAzspl113ocfKQAR8lWPhavGWHL3xSzNLeseDRHysT+jzRBi/ExdUqevSMos+7ZtdfeuBOXtgk9HTwsrw==}
    peerDependencies:
      react: ^16.0.0
      react-dom: ^16.0.0
    dev: false
